Microsoft Visual Studio Solution File, Format Version 12.00
# Visual Studio Version 17
VisualStudioVersion = 17.0.31903.59
MinimumVisualStudioVersion = 10.0.40219.1
Project("{FAE04EC0-301F-11D3-BF4B-00C04F79EFBC}") = "NetBypass.Core", "src\NetBypass.Core\NetBypass.Core.csproj", "{8A4A58B0-748C-47BA-B2A2-A7BDFB257CB0}"
EndProject
Project("{FAE04EC0-301F-11D3-BF4B-00C04F79EFBC}") = "NetBypass.App", "src\NetBypass.App\NetBypass.App.csproj", "{040B15FC-4C49-4AB3-809E-E57B19382676}"
EndProject
Project("{FAE04EC0-301F-11D3-BF4B-00C04F79EFBC}") = "NetBypass.Tests", "tests\NetBypass.Tests\NetBypass.Tests.csproj", "{3C277D0D-C40C-48D8-8695-915D80FEC4A5}"
EndProject
Global
	GlobalSection(SolutionConfigurationPlatforms) = preSolution
		Debug|Any CPU = Debug|Any CPU
		Release|Any CPU = Release|Any CPU
	EndGlobalSection
	GlobalSection(ProjectConfigurationPlatforms) = postSolution
		{8A4A58B0-748C-47BA-B2A2-A7BDFB257CB0}.Debug|Any CPU.ActiveCfg = Debug|Any CPU
		{8A4A58B0-748C-47BA-B2A2-A7BDFB257CB0}.Debug|Any CPU.Build.0 = Debug|Any CPU
		{8A4A58B0-748C-47BA-B2A2-A7BDFB257CB0}.Release|Any CPU.ActiveCfg = Release|Any CPU
		{8A4A58B0-748C-47BA-B2A2-A7BDFB257CB0}.Release|Any CPU.Build.0 = Release|Any CPU
		{040B15FC-4C49-4AB3-809E-E57B19382676}.Debug|Any CPU.ActiveCfg = Debug|Any CPU
		{040B15FC-4C49-4AB3-809E-E57B19382676}.Debug|Any CPU.Build.0 = Debug|Any CPU
		{040B15FC-4C49-4AB3-809E-E57B19382676}.Release|Any CPU.ActiveCfg = Release|Any CPU
		{040B15FC-4C49-4AB3-809E-E57B19382676}.Release|Any CPU.Build.0 = Release|Any CPU
		{3C277D0D-C40C-48D8-8695-915D80FEC4A5}.Debug|Any CPU.ActiveCfg = Debug|Any CPU
		{3C277D0D-C40C-48D8-8695-915D80FEC4A5}.Debug|Any CPU.Build.0 = Debug|Any CPU
		{3C277D0D-C40C-48D8-8695-915D80FEC4A5}.Release|Any CPU.ActiveCfg = Release|Any CPU
		{3C277D0D-C40C-48D8-8695-915D80FEC4A5}.Release|Any CPU.Build.0 = Release|Any CPU
	EndGlobalSection
EndGlobal
